Microsoft Visual Studio Solution File, Format Version 10.00
# Visual Studio 2008

Project("{61F80828-2977-0855-B7AC-763F613E4FFE}") = "newsupermeatboy", "newsupermeatboy.csproj", "{9E6A555A-F196-10A2-0AB0-307528056D13}"
EndProject
Global
	GlobalSection(SolutionConfigurationPlatforms) = preSolution
		Debug|Any CPU = Debug|Any CPU
		Release|Any CPU = Release|Any CPU
	EndGlobalSection
	GlobalSection(ProjectConfigurationPlatforms) = postSolution
		{9E6A555A-F196-10A2-0AB0-307528056D13}.Debug|Any CPU.ActiveCfg = Debug|Any CPU
		{9E6A555A-F196-10A2-0AB0-307528056D13}.Debug|Any CPU.Build.0 = Debug|Any CPU
		{9E6A555A-F196-10A2-0AB0-307528056D13}.Release|Any CPU.ActiveCfg = Release|Any CPU
		{9E6A555A-F196-10A2-0AB0-307528056D13}.Release|Any CPU.Build.0 = Release|Any CPU
	EndGlobalSection
	GlobalSection(SolutionProperties) = preSolution
		HideSolutionNode = FALSE
	EndGlobalSection
	
EndGlobal
